// !$*UTF8*$!
{
	archiveVersion = 1;
	classes = {
	};
	objectVersion = 56;
	objects = {

/* Begin PBXBuildFile section */
		E9E755C72A4B791900C3599D /* SalahTimesApp.swift in Sources */ = {isa = PBXBuildFile; fileRef = E9E755C62A4B791900C3599D /* SalahTimesApp.swift */; };
		E9E755C92A4B791900C3599D /* ContentView.swift in Sources */ = {isa = PBXBuildFile; fileRef = E9E755C82A4B791900C3599D /* ContentView.swift */; };
		E9E755CB2A4B791A00C3599D /* Assets.xcassets in Resources */ = {isa = PBXBuildFile; fileRef = E9E755CA2A4B791A00C3599D /* Assets.xcassets */; };
		E9E755CE2A4B791A00C3599D /* Preview Assets.xcassets in Resources */ = {isa = PBXBuildFile; fileRef = E9E755CD2A4B791A00C3599D /* Preview Assets.xcassets */; };
		E9E755D82A4B791B00C3599D /* SalahTimesTests.swift in Sources */ = {isa = PBXBuildFile; fileRef = E9E755D72A4B791B00C3599D /* SalahTimesTests.swift */; };
		E9E755E22A4B791B00C3599D /* SalahTimesUITests.swift in Sources */ = {isa = PBXBuildFile; fileRef = E9E755E12A4B791B00C3599D /* SalahTimesUITests.swift */; };
		E9E755E42A4B791B00C3599D /* SalahTimesUITestsLaunchTests.swift in Sources */ = {isa = PBXBuildFile; fileRef = E9E755E32A4B791B00C3599D /* SalahTimesUITestsLaunchTests.swift */; };
		E9E755F12A4B95FB00C3599D /* Today.swift in Sources */ = {isa = PBXBuildFile; fileRef = E9E755F02A4B95FB00C3599D /* Today.swift */; };
		E9E755F32A4B989400C3599D /* Calendar.swift in Sources */ = {isa = PBXBuildFile; fileRef = E9E755F22A4B989400C3599D /* Calendar.swift */; };
		E9E755FC2A4BA62600C3599D /* CalendarSalahCell.swift in Sources */ = {isa = PBXBuildFile; fileRef = E9E755FB2A4BA62600C3599D /* CalendarSalahCell.swift */; };
		E9E755FE2A4BABC400C3599D /* CalendarDayRow.swift in Sources */ = {isa = PBXBuildFile; fileRef = E9E755FD2A4BABC400C3599D /* CalendarDayRow.swift */; };
		E9E756002A4BC44700C3599D /* TodaySalahRow.swift in Sources */ = {isa = PBXBuildFile; fileRef = E9E755FF2A4BC44700C3599D /* TodaySalahRow.swift */; };
/* End PBXBuildFile section */

/* Begin PBXContainerItemProxy section */
		E9E755D42A4B791B00C3599D /* PBXContainerItemProxy */ = {
			isa = PBXContainerItemProxy;
			containerPortal = E9E755BB2A4B791900C3599D /* Project object */;
			proxyType = 1;
			remoteGlobalIDString = E9E755C22A4B791900C3599D;
			remoteInfo = SalahTimes;
		};
		E9E755DE2A4B791B00C3599D /* PBXContainerItemProxy */ = {
			isa = PBXContainerItemProxy;
			containerPortal = E9E755BB2A4B791900C3599D /* Project object */;
			proxyType = 1;
			remoteGlobalIDString = E9E755C22A4B791900C3599D;
			remoteInfo = SalahTimes;
		};
/* End PBXContainerItemProxy section */

/* Begin PBXFileReference section */
		E9E755C32A4B791900C3599D /* SalahTimes.app */ = {isa = PBXFileReference; explicitFileType = wrapper.application; includeInIndex = 0; path = SalahTimes.app; sourceTree = BUILT_PRODUCTS_DIR; };
		E9E755C62A4B791900C3599D /* SalahTimesApp.swift */ = {isa = PBXFileReference; lastKnownFileType = sourcecode.swift; path = SalahTimesApp.swift; sourceTree = "<group>"; };
		E9E755C82A4B791900C3599D /* ContentView.swift */ = {isa = PBXFileReference; lastKnownFileType = sourcecode.swift; path = ContentView.swift; sourceTree = "<group>"; };
		E9E755CA2A4B791A00C3599D /* Assets.xcassets */ = {isa = PBXFileReference; lastKnownFileType = folder.assetcatalog; path = Assets.xcassets; sourceTree = "<group>"; };
		E9E755CD2A4B791A00C3599D /* Preview Assets.xcassets */ = {isa = PBXFileReference; lastKnownFileType = folder.assetcatalog; path = "Preview Assets.xcassets"; sourceTree = "<group>"; };
		E9E755D32A4B791B00C3599D /* SalahTimesTests.xctest */ = {isa = PBXFileReference; explicitFileType = wrapper.cfbundle; includeInIndex = 0; path = SalahTimesTests.xctest; sourceTree = BUILT_PRODUCTS_DIR; };
		E9E755D72A4B791B00C3599D /* SalahTimesTests.swift */ = {isa = PBXFileReference; lastKnownFileType = sourcecode.swift; path = SalahTimesTests.swift; sourceTree = "<group>"; };
		E9E755DD2A4B791B00C3599D /* SalahTimesUITests.xctest */ = {isa = PBXFileReference; explicitFileType = wrapper.cfbundle; includeInIndex = 0; path = SalahTimesUITests.xctest; sourceTree = BUILT_PRODUCTS_DIR; };
		E9E755E12A4B791B00C3599D /* SalahTimesUITests.swift */ = {isa = PBXFileReference; lastKnownFileType = sourcecode.swift; path = SalahTimesUITests.swift; sourceTree = "<group>"; };
		E9E755E32A4B791B00C3599D /* SalahTimesUITestsLaunchTests.swift */ = {isa = PBXFileReference; lastKnownFileType = sourcecode.swift; path = SalahTimesUITestsLaunchTests.swift; sourceTree = "<group>"; };
		E9E755F02A4B95FB00C3599D /* Today.swift */ = {isa = PBXFileReference; lastKnownFileType = sourcecode.swift; path = Today.swift; sourceTree = "<group>"; };
		E9E755F22A4B989400C3599D /* Calendar.swift */ = {isa = PBXFileReference; lastKnownFileType = sourcecode.swift; path = Calendar.swift; sourceTree = "<group>"; };
		E9E755FB2A4BA62600C3599D /* CalendarSalahCell.swift */ = {isa = PBXFileReference; lastKnownFileType = sourcecode.swift; path = CalendarSalahCell.swift; sourceTree = "<group>"; };
		E9E755FD2A4BABC400C3599D /* CalendarDayRow.swift */ = {isa = PBXFileReference; lastKnownFileType = sourcecode.swift; path = CalendarDayRow.swift; sourceTree = "<group>"; };
		E9E755FF2A4BC44700C3599D /* TodaySalahRow.swift */ = {isa = PBXFileReference; lastKnownFileType = sourcecode.swift; path = TodaySalahRow.swift; sourceTree = "<group>"; };
/* End PBXFileReference section */

/* Begin PBXFrameworksBuildPhase section */
		E9E755C02A4B791900C3599D /* Frameworks */ = {
			isa = PBXFrameworksBuildPhase;
			buildActionMask = 2147483647;
			files = (
			);
			runOnlyForDeploymentPostprocessing = 0;
		};
		E9E755D02A4B791B00C3599D /* Frameworks */ = {
			isa = PBXFrameworksBuildPhase;
			buildActionMask = 2147483647;
			files = (
			);
			runOnlyForDeploymentPostprocessing = 0;
		};
		E9E755DA2A4B791B00C3599D /* Frameworks */ = {
			isa = PBXFrameworksBuildPhase;
			buildActionMask = 2147483647;
			files = (
			);
			runOnlyForDeploymentPostprocessing = 0;
		};
/* End PBXFrameworksBuildPhase section */

/* Begin PBXGroup section */
		E9E755BA2A4B791900C3599D = {
			isa = PBXGroup;
			children = (
				E9E755C52A4B791900C3599D /* SalahTimes */,
				E9E755D62A4B791B00C3599D /* SalahTimesTests */,
				E9E755E02A4B791B00C3599D /* SalahTimesUITests */,
				E9E755C42A4B791900C3599D /* Products */,
			);
			sourceTree = "<group>";
		};
		E9E755C42A4B791900C3599D /* Products */ = {
			isa = PBXGroup;
			children = (
				E9E755C32A4B791900C3599D /* SalahTimes.app */,
				E9E755D32A4B791B00C3599D /* SalahTimesTests.xctest */,
				E9E755DD2A4B791B00C3599D /* SalahTimesUITests.xctest */,
			);
			name = Products;
			sourceTree = "<group>";
		};
		E9E755C52A4B791900C3599D /* SalahTimes */ = {
			isa = PBXGroup;
			children = (
				E9E755F42A4BA08D00C3599D /* App */,
				E9E755F52A4BA0AF00C3599D /* Components */,
				E9E755F62A4BA0BC00C3599D /* Core */,
				E9E755F72A4BA0C600C3599D /* Model */,
				E9E755CA2A4B791A00C3599D /* Assets.xcassets */,
				E9E755CC2A4B791A00C3599D /* Preview Content */,
			);
			path = SalahTimes;
			sourceTree = "<group>";
		};
		E9E755CC2A4B791A00C3599D /* Preview Content */ = {
			isa = PBXGroup;
			children = (
				E9E755CD2A4B791A00C3599D /* Preview Assets.xcassets */,
			);
			path = "Preview Content";
			sourceTree = "<group>";
		};
		E9E755D62A4B791B00C3599D /* SalahTimesTests */ = {
			isa = PBXGroup;
			children = (
				E9E755D72A4B791B00C3599D /* SalahTimesTests.swift */,
			);
			path = SalahTimesTests;
			sourceTree = "<group>";
		};
		E9E755E02A4B791B00C3599D /* SalahTimesUITests */ = {
			isa = PBXGroup;
			children = (
				E9E755E12A4B791B00C3599D /* SalahTimesUITests.swift */,
				E9E755E32A4B791B00C3599D /* SalahTimesUITestsLaunchTests.swift */,
			);
			path = SalahTimesUITests;
			sourceTree = "<group>";
		};
		E9E755F42A4BA08D00C3599D /* App */ = {
			isa = PBXGroup;
			children = (
				E9E755C62A4B791900C3599D /* SalahTimesApp.swift */,
			);
			path = App;
			sourceTree = "<group>";
		};
		E9E755F52A4BA0AF00C3599D /* Components */ = {
			isa = PBXGroup;
			children = (
				E9E755FB2A4BA62600C3599D /* CalendarSalahCell.swift */,
				E9E755FD2A4BABC400C3599D /* CalendarDayRow.swift */,
				E9E755FF2A4BC44700C3599D /* TodaySalahRow.swift */,
			);
			path = Components;
			sourceTree = "<group>";
		};
		E9E755F62A4BA0BC00C3599D /* Core */ = {
			isa = PBXGroup;
			children = (
				E9E755F82A4BA0ED00C3599D /* Root */,
				E9E755F92A4BA11600C3599D /* Today */,
				E9E755FA2A4BA11B00C3599D /* Calendar */,
			);
			path = Core;
			sourceTree = "<group>";
		};
		E9E755F72A4BA0C600C3599D /* Model */ = {
			isa = PBXGroup;
			children = (
			);
			path = Model;
			sourceTree = "<group>";
		};
		E9E755F82A4BA0ED00C3599D /* Root */ = {
			isa = PBXGroup;
			children = (
				E9E755C82A4B791900C3599D /* ContentView.swift */,
			);
			path = Root;
			sourceTree = "<group>";
		};
		E9E755F92A4BA11600C3599D /* Today */ = {
			isa = PBXGroup;
			children = (
				E9E755F02A4B95FB00C3599D /* Today.swift */,
			);
			path = Today;
			sourceTree = "<group>";
		};
		E9E755FA2A4BA11B00C3599D /* Calendar */ = {
			isa = PBXGroup;
			children = (
				E9E755F22A4B989400C3599D /* Calendar.swift */,
			);
			path = Calendar;
			sourceTree = "<group>";
		};
/* End PBXGroup section */

/* Begin PBXNativeTarget section */
		E9E755C22A4B791900C3599D /* SalahTimes */ = {
			isa = PBXNativeTarget;
			buildConfigurationList = E9E755E72A4B791B00C3599D /* Build configuration list for PBXNativeTarget "SalahTimes" */;
			buildPhases = (
				E93B08B52A5D5FD400449783 /* SwiftLint */,
				E93B08B62A5D639D00449783 /* SwiftFormat Xcode Settings */,
				E93B08B72A5D63C500449783 /* SwiftFormat */,
				E9E755BF2A4B791900C3599D /* Sources */,
				E9E755C02A4B791900C3599D /* Frameworks */,
				E9E755C12A4B791900C3599D /* Resources */,
			);
			buildRules = (
			);
			dependencies = (
			);
			name = SalahTimes;
			productName = SalahTimes;
			productReference = E9E755C32A4B791900C3599D /* SalahTimes.app */;
			productType = "com.apple.product-type.application";
		};
		E9E755D22A4B791B00C3599D /* SalahTimesTests */ = {
			isa = PBXNativeTarget;
			buildConfigurationList = E9E755EA2A4B791B00C3599D /* Build configuration list for PBXNativeTarget "SalahTimesTests" */;
			buildPhases = (
				E9E755CF2A4B791B00C3599D /* Sources */,
				E9E755D02A4B791B00C3599D /* Frameworks */,
				E9E755D12A4B791B00C3599D /* Resources */,
			);
			buildRules = (
			);
			dependencies = (
				E9E755D52A4B791B00C3599D /* PBXTargetDependency */,
			);
			name = SalahTimesTests;
			productName = SalahTimesTests;
			productReference = E9E755D32A4B791B00C3599D /* SalahTimesTests.xctest */;
			productType = "com.apple.product-type.bundle.unit-test";
		};
		E9E755DC2A4B791B00C3599D /* SalahTimesUITests */ = {
			isa = PBXNativeTarget;
			buildConfigurationList = E9E755ED2A4B791B00C3599D /* Build configuration list for PBXNativeTarget "SalahTimesUITests" */;
			buildPhases = (
				E9E755D92A4B791B00C3599D /* Sources */,
				E9E755DA2A4B791B00C3599D /* Frameworks */,
				E9E755DB2A4B791B00C3599D /* Resources */,
			);
			buildRules = (
			);
			dependencies = (
				E9E755DF2A4B791B00C3599D /* PBXTargetDependency */,
			);
			name = SalahTimesUITests;
			productName = SalahTimesUITests;
			productReference = E9E755DD2A4B791B00C3599D /* SalahTimesUITests.xctest */;
			productType = "com.apple.product-type.bundle.ui-testing";
		};
/* End PBXNativeTarget section */

/* Begin PBXProject section */
		E9E755BB2A4B791900C3599D /* Project object */ = {
			isa = PBXProject;
			attributes = {
				BuildIndependentTargetsInParallel = 1;
				LastSwiftUpdateCheck = 1420;
				LastUpgradeCheck = 1420;
				TargetAttributes = {
					E9E755C22A4B791900C3599D = {
						CreatedOnToolsVersion = 14.2;
					};
					E9E755D22A4B791B00C3599D = {
						CreatedOnToolsVersion = 14.2;
						TestTargetID = E9E755C22A4B791900C3599D;
					};
					E9E755DC2A4B791B00C3599D = {
						CreatedOnToolsVersion = 14.2;
						TestTargetID = E9E755C22A4B791900C3599D;
					};
				};
			};
			buildConfigurationList = E9E755BE2A4B791900C3599D /* Build configuration list for PBXProject "SalahTimes" */;
			compatibilityVersion = "Xcode 14.0";
			developmentRegion = en;
			hasScannedForEncodings = 0;
			knownRegions = (
				en,
				Base,
			);
			mainGroup = E9E755BA2A4B791900C3599D;
			productRefGroup = E9E755C42A4B791900C3599D /* Products */;
			projectDirPath = "";
			projectRoot = "";
			targets = (
				E9E755C22A4B791900C3599D /* SalahTimes */,
				E9E755D22A4B791B00C3599D /* SalahTimesTests */,
				E9E755DC2A4B791B00C3599D /* SalahTimesUITests */,
			);
		};
/* End PBXProject section */

/* Begin PBXResourcesBuildPhase section */
		E9E755C12A4B791900C3599D /* Resources */ = {
			isa = PBXResourcesBuildPhase;
			buildActionMask = 2147483647;
			files = (
				E9E755CE2A4B791A00C3599D /* Preview Assets.xcassets in Resources */,
				E9E755CB2A4B791A00C3599D /* Assets.xcassets in Resources */,
			);
			runOnlyForDeploymentPostprocessing = 0;
		};
		E9E755D12A4B791B00C3599D /* Resources */ = {
			isa = PBXResourcesBuildPhase;
			buildActionMask = 2147483647;
			files = (
			);
			runOnlyForDeploymentPostprocessing = 0;
		};
		E9E755DB2A4B791B00C3599D /* Resources */ = {
			isa = PBXResourcesBuildPhase;
			buildActionMask = 2147483647;
			files = (
			);
			runOnlyForDeploymentPostprocessing = 0;
		};
/* End PBXResourcesBuildPhase section */

/* Begin PBXShellScriptBuildPhase section */
		E93B08B52A5D5FD400449783 /* SwiftLint */ = {
			isa = PBXShellScriptBuildPhase;
			buildActionMask = 2147483647;
			files = (
			);
			inputFileListPaths = (
			);
			inputPaths = (
			);
			name = SwiftLint;
			outputFileListPaths = (
			);
			outputPaths = (
			);
			runOnlyForDeploymentPostprocessing = 0;
			shellPath = /bin/sh;
			shellScript = "if [[ \"$(uname -m)\" == arm64 ]]; then\n    export PATH=\"/opt/homebrew/bin:$PATH\"\nfi\n\nif which swiftlint > /dev/null; then\n  swiftlint\nelse\n  echo \"warning: SwiftLint not installed, download from https://github.com/realm/SwiftLint\"\nfi\n";
		};
		E93B08B62A5D639D00449783 /* SwiftFormat Xcode Settings */ = {
			isa = PBXShellScriptBuildPhase;
			buildActionMask = 2147483647;
			files = (
			);
			inputFileListPaths = (
			);
			inputPaths = (
			);
			name = "SwiftFormat Xcode Settings";
			outputFileListPaths = (
			);
			outputPaths = (
			);
			runOnlyForDeploymentPostprocessing = 0;
			shellPath = /bin/sh;
			shellScript = "#!/bin/bash\n\nset -e\n\ndefaults write com.apple.dt.Xcode AutomaticallyCheckSpellingWhileTyping -bool YES\n\ndefaults write com.apple.dt.Xcode DVTTextEditorTrimTrailingWhitespace -bool YES\ndefaults write com.apple.dt.Xcode DVTTextEditorTrimWhitespaceOnlyLines -bool YES\n\ndefaults write com.apple.dt.Xcode DVTTextIndentTabWidth -int 2\ndefaults write com.apple.dt.Xcode DVTTextIndentWidth -int 2\n\ndefaults write com.apple.dt.Xcode DVTTextPageGuideLocation -int 100\n";
		};
		E93B08B72A5D63C500449783 /* SwiftFormat */ = {
			isa = PBXShellScriptBuildPhase;
			buildActionMask = 2147483647;
			files = (
			);
			inputFileListPaths = (
			);
			inputPaths = (
			);
			name = SwiftFormat;
			outputFileListPaths = (
			);
			outputPaths = (
			);
			runOnlyForDeploymentPostprocessing = 0;
			shellPath = /bin/sh;
			shellScript = "if [[ \"$(uname -m)\" == arm64 ]]; then\n    export PATH=\"/opt/homebrew/bin:$PATH\"\nfi\n\nif which swiftformat > /dev/null; then\n  swiftformat .\nelse\n  echo \"warning: SwiftFormat not installed, download from https://github.com/nicklockwood/SwiftFormat\"\nfi\n";
		};
/* End PBXShellScriptBuildPhase section */

/* Begin PBXSourcesBuildPhase section */
		E9E755BF2A4B791900C3599D /* Sources */ = {
			isa = PBXSourcesBuildPhase;
			buildActionMask = 2147483647;
			files = (
				E9E755C92A4B791900C3599D /* ContentView.swift in Sources */,
				E9E755FE2A4BABC400C3599D /* CalendarDayRow.swift in Sources */,
				E9E755F12A4B95FB00C3599D /* Today.swift in Sources */,
				E9E755C72A4B791900C3599D /* SalahTimesApp.swift in Sources */,
				E9E755FC2A4BA62600C3599D /* CalendarSalahCell.swift in Sources */,
				E9E756002A4BC44700C3599D /* TodaySalahRow.swift in Sources */,
				E9E755F32A4B989400C3599D /* Calendar.swift in Sources */,
			);
			runOnlyForDeploymentPostprocessing = 0;
		};
		E9E755CF2A4B791B00C3599D /* Sources */ = {
			isa = PBXSourcesBuildPhase;
			buildActionMask = 2147483647;
			files = (
				E9E755D82A4B791B00C3599D /* SalahTimesTests.swift in Sources */,
			);
			runOnlyForDeploymentPostprocessing = 0;
		};
		E9E755D92A4B791B00C3599D /* Sources */ = {
			isa = PBXSourcesBuildPhase;
			buildActionMask = 2147483647;
			files = (
				E9E755E22A4B791B00C3599D /* SalahTimesUITests.swift in Sources */,
				E9E755E42A4B791B00C3599D /* SalahTimesUITestsLaunchTests.swift in Sources */,
			);
			runOnlyForDeploymentPostprocessing = 0;
		};
/* End PBXSourcesBuildPhase section */

/* Begin PBXTargetDependency section */
		E9E755D52A4B791B00C3599D /* PBXTargetDependency */ = {
			isa = PBXTargetDependency;
			target = E9E755C22A4B791900C3599D /* SalahTimes */;
			targetProxy = E9E755D42A4B791B00C3599D /* PBXContainerItemProxy */;
		};
		E9E755DF2A4B791B00C3599D /* PBXTargetDependency */ = {
			isa = PBXTargetDependency;
			target = E9E755C22A4B791900C3599D /* SalahTimes */;
			targetProxy = E9E755DE2A4B791B00C3599D /* PBXContainerItemProxy */;
		};
/* End PBXTargetDependency section */

/* Begin XCBuildConfiguration section */
		E9E755E52A4B791B00C3599D /* Debug */ = {
			isa = XCBuildConfiguration;
			buildSettings = {
				ALWAYS_SEARCH_USER_PATHS = NO;
				CLANG_ANALYZER_NONNULL = YES;
				CLANG_ANALYZER_NUMBER_OBJECT_CONVERSION = YES_AGGRESSIVE;
				CLANG_CXX_LANGUAGE_STANDARD = "gnu++20";
				CLANG_ENABLE_MODULES = YES;
				CLANG_ENABLE_OBJC_ARC = YES;
				CLANG_ENABLE_OBJC_WEAK = YES;
				CLANG_WARN_BLOCK_CAPTURE_AUTORELEASING = YES;
				CLANG_WARN_BOOL_CONVERSION = YES;
				CLANG_WARN_COMMA = YES;
				CLANG_WARN_CONSTANT_CONVERSION = YES;
				CLANG_WARN_DEPRECATED_OBJC_IMPLEMENTATIONS = YES;
				CLANG_WARN_DIRECT_OBJC_ISA_USAGE = YES_ERROR;
				CLANG_WARN_DOCUMENTATION_COMMENTS = YES;
				CLANG_WARN_EMPTY_BODY = YES;
				CLANG_WARN_ENUM_CONVERSION = YES;
				CLANG_WARN_INFINITE_RECURSION = YES;
				CLANG_WARN_INT_CONVERSION = YES;
				CLANG_WARN_NON_LITERAL_NULL_CONVERSION = YES;
				CLANG_WARN_OBJC_IMPLICIT_RETAIN_SELF = YES;
				CLANG_WARN_OBJC_LITERAL_CONVERSION = YES;
				CLANG_WARN_OBJC_ROOT_CLASS = YES_ERROR;
				CLANG_WARN_QUOTED_INCLUDE_IN_FRAMEWORK_HEADER = YES;
				CLANG_WARN_RANGE_LOOP_ANALYSIS = YES;
				CLANG_WARN_STRICT_PROTOTYPES = YES;
				CLANG_WARN_SUSPICIOUS_MOVE = YES;
				CLANG_WARN_UNGUARDED_AVAILABILITY = YES_AGGRESSIVE;
				CLANG_WARN_UNREACHABLE_CODE = YES;
				CLANG_WARN__DUPLICATE_METHOD_MATCH = YES;
				COPY_PHASE_STRIP = NO;
				DEBUG_INFORMATION_FORMAT = dwarf;
				ENABLE_STRICT_OBJC_MSGSEND = YES;
				ENABLE_TESTABILITY = YES;
				GCC_C_LANGUAGE_STANDARD = gnu11;
				GCC_DYNAMIC_NO_PIC = NO;
				GCC_NO_COMMON_BLOCKS = YES;
				GCC_OPTIMIZATION_LEVEL = 0;
				GCC_PREPROCESSOR_DEFINITIONS = (
					"DEBUG=1",
					"$(inherited)",
				);
				GCC_WARN_64_TO_32_BIT_CONVERSION = YES;
				GCC_WARN_ABOUT_RETURN_TYPE = YES_ERROR;
				GCC_WARN_UNDECLARED_SELECTOR = YES;
				GCC_WARN_UNINITIALIZED_AUTOS = YES_AGGRESSIVE;
				GCC_WARN_UNUSED_FUNCTION = YES;
				GCC_WARN_UNUSED_VARIABLE = YES;
				IPHONEOS_DEPLOYMENT_TARGET = 16.2;
				MTL_ENABLE_DEBUG_INFO = INCLUDE_SOURCE;
				MTL_FAST_MATH = YES;
				ONLY_ACTIVE_ARCH = YES;
				SDKROOT = iphoneos;
				SWIFT_ACTIVE_COMPILATION_CONDITIONS = DEBUG;
				SWIFT_OPTIMIZATION_LEVEL = "-Onone";
			};
			name = Debug;
		};
		E9E755E62A4B791B00C3599D /* Release */ = {
			isa = XCBuildConfiguration;
			buildSettings = {
				ALWAYS_SEARCH_USER_PATHS = NO;
				CLANG_ANALYZER_NONNULL = YES;
				CLANG_ANALYZER_NUMBER_OBJECT_CONVERSION = YES_AGGRESSIVE;
				CLANG_CXX_LANGUAGE_STANDARD = "gnu++20";
				CLANG_ENABLE_MODULES = YES;
				CLANG_ENABLE_OBJC_ARC = YES;
				CLANG_ENABLE_OBJC_WEAK = YES;
				CLANG_WARN_BLOCK_CAPTURE_AUTORELEASING = YES;
				CLANG_WARN_BOOL_CONVERSION = YES;
				CLANG_WARN_COMMA = YES;
				CLANG_WARN_CONSTANT_CONVERSION = YES;
				CLANG_WARN_DEPRECATED_OBJC_IMPLEMENTATIONS = YES;
				CLANG_WARN_DIRECT_OBJC_ISA_USAGE = YES_ERROR;
				CLANG_WARN_DOCUMENTATION_COMMENTS = YES;
				CLANG_WARN_EMPTY_BODY = YES;
				CLANG_WARN_ENUM_CONVERSION = YES;
				CLANG_WARN_INFINITE_RECURSION = YES;
				CLANG_WARN_INT_CONVERSION = YES;
				CLANG_WARN_NON_LITERAL_NULL_CONVERSION = YES;
				CLANG_WARN_OBJC_IMPLICIT_RETAIN_SELF = YES;
				CLANG_WARN_OBJC_LITERAL_CONVERSION = YES;
				CLANG_WARN_OBJC_ROOT_CLASS = YES_ERROR;
				CLANG_WARN_QUOTED_INCLUDE_IN_FRAMEWORK_HEADER = YES;
				CLANG_WARN_RANGE_LOOP_ANALYSIS = YES;
				CLANG_WARN_STRICT_PROTOTYPES = YES;
				CLANG_WARN_SUSPICIOUS_MOVE = YES;
				CLANG_WARN_UNGUARDED_AVAILABILITY = YES_AGGRESSIVE;
				CLANG_WARN_UNREACHABLE_CODE = YES;
				CLANG_WARN__DUPLICATE_METHOD_MATCH = YES;
				COPY_PHASE_STRIP = NO;
				DEBUG_INFORMATION_FORMAT = "dwarf-with-dsym";
				ENABLE_NS_ASSERTIONS = NO;
				ENABLE_STRICT_OBJC_MSGSEND = YES;
				GCC_C_LANGUAGE_STANDARD = gnu11;
				GCC_NO_COMMON_BLOCKS = YES;
				GCC_WARN_64_TO_32_BIT_CONVERSION = YES;
				GCC_WARN_ABOUT_RETURN_TYPE = YES_ERROR;
				GCC_WARN_UNDECLARED_SELECTOR = YES;
				GCC_WARN_UNINITIALIZED_AUTOS = YES_AGGRESSIVE;
				GCC_WARN_UNUSED_FUNCTION = YES;
				GCC_WARN_UNUSED_VARIABLE = YES;
				IPHONEOS_DEPLOYMENT_TARGET = 16.2;
				MTL_ENABLE_DEBUG_INFO = NO;
				MTL_FAST_MATH = YES;
				SDKROOT = iphoneos;
				SWIFT_COMPILATION_MODE = wholemodule;
				SWIFT_OPTIMIZATION_LEVEL = "-O";
				VALIDATE_PRODUCT = YES;
			};
			name = Release;
		};
		E9E755E82A4B791B00C3599D /* Debug */ = {
			isa = XCBuildConfiguration;
			buildSettings = {
				ASSETCATALOG_COMPILER_APPICON_NAME = AppIcon;
				ASSETCATALOG_COMPILER_GLOBAL_ACCENT_COLOR_NAME = AccentColor;
				CODE_SIGN_STYLE = Automatic;
				CURRENT_PROJECT_VERSION = 1;
				DEVELOPMENT_ASSET_PATHS = "\"SalahTimes/Preview Content\"";
				DEVELOPMENT_TEAM = 34N92Q2RGP;
				ENABLE_PREVIEWS = YES;
				GENERATE_INFOPLIST_FILE = YES;
				INFOPLIST_KEY_UIApplicationSceneManifest_Generation = YES;
				INFOPLIST_KEY_UIApplicationSupportsIndirectInputEvents = YES;
				INFOPLIST_KEY_UILaunchScreen_Generation = YES;
				INFOPLIST_KEY_UISupportedInterfaceOrientations = UIInterfaceOrientationPortrait;
				INFOPLIST_KEY_UISupportedInterfaceOrientations_iPad = "UIInterfaceOrientationLandscapeLeft UIInterfaceOrientationLandscapeRight UIInterfaceOrientationPortrait UIInterfaceOrientationPortraitUpsideDown";
				LD_RUNPATH_SEARCH_PATHS = (
					"$(inherited)",
					"@executable_path/Frameworks",
				);
				MARKETING_VERSION = 1.0;
				PRODUCT_BUNDLE_IDENTIFIER = khalidkamil.SalahTimes;
				PRODUCT_NAME = "$(TARGET_NAME)";
				SWIFT_EMIT_LOC_STRINGS = YES;
				SWIFT_VERSION = 5.0;
				TARGETED_DEVICE_FAMILY = "1,2";
			};
			name = Debug;
		};
		E9E755E92A4B791B00C3599D /* Release */ = {
			isa = XCBuildConfiguration;
			buildSettings = {
				ASSETCATALOG_COMPILER_APPICON_NAME = AppIcon;
				ASSETCATALOG_COMPILER_GLOBAL_ACCENT_COLOR_NAME = AccentColor;
				CODE_SIGN_STYLE = Automatic;
				CURRENT_PROJECT_VERSION = 1;
				DEVELOPMENT_ASSET_PATHS = "\"SalahTimes/Preview Content\"";
				DEVELOPMENT_TEAM = 34N92Q2RGP;
				ENABLE_PREVIEWS = YES;
				GENERATE_INFOPLIST_FILE = YES;
				INFOPLIST_KEY_UIApplicationSceneManifest_Generation = YES;
				INFOPLIST_KEY_UIApplicationSupportsIndirectInputEvents = YES;
				INFOPLIST_KEY_UILaunchScreen_Generation = YES;
				INFOPLIST_KEY_UISupportedInterfaceOrientations = UIInterfaceOrientationPortrait;
				INFOPLIST_KEY_UISupportedInterfaceOrientations_iPad = "UIInterfaceOrientationLandscapeLeft UIInterfaceOrientationLandscapeRight UIInterfaceOrientationPortrait UIInterfaceOrientationPortraitUpsideDown";
				LD_RUNPATH_SEARCH_PATHS = (
					"$(inherited)",
					"@executable_path/Frameworks",
				);
				MARKETING_VERSION = 1.0;
				PRODUCT_BUNDLE_IDENTIFIER = khalidkamil.SalahTimes;
				PRODUCT_NAME = "$(TARGET_NAME)";
				SWIFT_EMIT_LOC_STRINGS = YES;
				SWIFT_VERSION = 5.0;
				TARGETED_DEVICE_FAMILY = "1,2";
			};
			name = Release;
		};
		E9E755EB2A4B791B00C3599D /* Debug */ = {
			isa = XCBuildConfiguration;
			buildSettings = {
				ALWAYS_EMBED_SWIFT_STANDARD_LIBRARIES = YES;
				BUNDLE_LOADER = "$(TEST_HOST)";
				CODE_SIGN_STYLE = Automatic;
				CURRENT_PROJECT_VERSION = 1;
				DEVELOPMENT_TEAM = 34N92Q2RGP;
				GENERATE_INFOPLIST_FILE = YES;
				IPHONEOS_DEPLOYMENT_TARGET = 16.2;
				MARKETING_VERSION = 1.0;
				PRODUCT_BUNDLE_IDENTIFIER = khalidkamil.SalahTimesTests;
				PRODUCT_NAME = "$(TARGET_NAME)";
				SWIFT_EMIT_LOC_STRINGS = NO;
				SWIFT_VERSION = 5.0;
				TARGETED_DEVICE_FAMILY = "1,2";
				TEST_HOST = "$(BUILT_PRODUCTS_DIR)/SalahTimes.app/$(BUNDLE_EXECUTABLE_FOLDER_PATH)/SalahTimes";
			};
			name = Debug;
		};
		E9E755EC2A4B791B00C3599D /* Release */ = {
			isa = XCBuildConfiguration;
			buildSettings = {
				ALWAYS_EMBED_SWIFT_STANDARD_LIBRARIES = YES;
				BUNDLE_LOADER = "$(TEST_HOST)";
				CODE_SIGN_STYLE = Automatic;
				CURRENT_PROJECT_VERSION = 1;
				DEVELOPMENT_TEAM = 34N92Q2RGP;
				GENERATE_INFOPLIST_FILE = YES;
				IPHONEOS_DEPLOYMENT_TARGET = 16.2;
				MARKETING_VERSION = 1.0;
				PRODUCT_BUNDLE_IDENTIFIER = khalidkamil.SalahTimesTests;
				PRODUCT_NAME = "$(TARGET_NAME)";
				SWIFT_EMIT_LOC_STRINGS = NO;
				SWIFT_VERSION = 5.0;
				TARGETED_DEVICE_FAMILY = "1,2";
				TEST_HOST = "$(BUILT_PRODUCTS_DIR)/SalahTimes.app/$(BUNDLE_EXECUTABLE_FOLDER_PATH)/SalahTimes";
			};
			name = Release;
		};
		E9E755EE2A4B791B00C3599D /* Debug */ = {
			isa = XCBuildConfiguration;
			buildSettings = {
				ALWAYS_EMBED_SWIFT_STANDARD_LIBRARIES = YES;
				CODE_SIGN_STYLE = Automatic;
				CURRENT_PROJECT_VERSION = 1;
				DEVELOPMENT_TEAM = 34N92Q2RGP;
				GENERATE_INFOPLIST_FILE = YES;
				MARKETING_VERSION = 1.0;
				PRODUCT_BUNDLE_IDENTIFIER = khalidkamil.SalahTimesUITests;
				PRODUCT_NAME = "$(TARGET_NAME)";
				SWIFT_EMIT_LOC_STRINGS = NO;
				SWIFT_VERSION = 5.0;
				TARGETED_DEVICE_FAMILY = "1,2";
				TEST_TARGET_NAME = SalahTimes;
			};
			name = Debug;
		};
		E9E755EF2A4B791B00C3599D /* Release */ = {
			isa = XCBuildConfiguration;
			buildSettings = {
				ALWAYS_EMBED_SWIFT_STANDARD_LIBRARIES = YES;
				CODE_SIGN_STYLE = Automatic;
				CURRENT_PROJECT_VERSION = 1;
				DEVELOPMENT_TEAM = 34N92Q2RGP;
				GENERATE_INFOPLIST_FILE = YES;
				MARKETING_VERSION = 1.0;
				PRODUCT_BUNDLE_IDENTIFIER = khalidkamil.SalahTimesUITests;
				PRODUCT_NAME = "$(TARGET_NAME)";
				SWIFT_EMIT_LOC_STRINGS = NO;
				SWIFT_VERSION = 5.0;
				TARGETED_DEVICE_FAMILY = "1,2";
				TEST_TARGET_NAME = SalahTimes;
			};
			name = Release;
		};
/* End XCBuildConfiguration section */

/* Begin XCConfigurationList section */
		E9E755BE2A4B791900C3599D /* Build configuration list for PBXProject "SalahTimes" */ = {
			isa = XCConfigurationList;
			buildConfigurations = (
				E9E755E52A4B791B00C3599D /* Debug */,
				E9E755E62A4B791B00C3599D /* Release */,
			);
			defaultConfigurationIsVisible = 0;
			defaultConfigurationName = Release;
		};
		E9E755E72A4B791B00C3599D /* Build configuration list for PBXNativeTarget "SalahTimes" */ = {
			isa = XCConfigurationList;
			buildConfigurations = (
				E9E755E82A4B791B00C3599D /* Debug */,
				E9E755E92A4B791B00C3599D /* Release */,
			);
			defaultConfigurationIsVisible = 0;
			defaultConfigurationName = Release;
		};
		E9E755EA2A4B791B00C3599D /* Build configuration list for PBXNativeTarget "SalahTimesTests" */ = {
			isa = XCConfigurationList;
			buildConfigurations = (
				E9E755EB2A4B791B00C3599D /* Debug */,
				E9E755EC2A4B791B00C3599D /* Release */,
			);
			defaultConfigurationIsVisible = 0;
			defaultConfigurationName = Release;
		};
		E9E755ED2A4B791B00C3599D /* Build configuration list for PBXNativeTarget "SalahTimesUITests" */ = {
			isa = XCConfigurationList;
			buildConfigurations = (
				E9E755EE2A4B791B00C3599D /* Debug */,
				E9E755EF2A4B791B00C3599D /* Release */,
			);
			defaultConfigurationIsVisible = 0;
			defaultConfigurationName = Release;
		};
/* End XCConfigurationList section */
	};
	rootObject = E9E755BB2A4B791900C3599D /* Project object */;
}
